
Microsoft Visual Studio Solution File, Format Version 12.00
# Visual Studio Version 17
VisualStudioVersion = 17.8.34330.188
MinimumVisualStudioVersion = 10.0.40219.1
Project("{FAE04EC0-301F-11D3-BF4B-00C04F79EFBC}") = "LeetCode", "LeetCode.csproj", "{AA3D0464-9E17-430D-A3AD-DAE83768C4AA}"
EndProject
Project("{FAE04EC0-301F-11D3-BF4B-00C04F79EFBC}") = "QuestionsLibrary", "..\QuestionsLibrary\QuestionsLibrary.csproj", "{30011F1B-8EC7-4C00-BE6E-2DAA9CC15F15}"
EndProject
Global
	GlobalSection(SolutionConfigurationPlatforms) = preSolution
		Debug|Any CPU = Debug|Any CPU
		Release|Any CPU = Release|Any CPU
	EndGlobalSection
	GlobalSection(ProjectConfigurationPlatforms) = postSolution
		{AA3D0464-9E17-430D-A3AD-DAE83768C4AA}.Debug|Any CPU.ActiveCfg = Debug|Any CPU
		{AA3D0464-9E17-430D-A3AD-DAE83768C4AA}.Debug|Any CPU.Build.0 = Debug|Any CPU
		{AA3D0464-9E17-430D-A3AD-DAE83768C4AA}.Release|Any CPU.ActiveCfg = Release|Any CPU
		{AA3D0464-9E17-430D-A3AD-DAE83768C4AA}.Release|Any CPU.Build.0 = Release|Any CPU
		{30011F1B-8EC7-4C00-BE6E-2DAA9CC15F15}.Debug|Any CPU.ActiveCfg = Debug|Any CPU
		{30011F1B-8EC7-4C00-BE6E-2DAA9CC15F15}.Debug|Any CPU.Build.0 = Debug|Any CPU
		{30011F1B-8EC7-4C00-BE6E-2DAA9CC15F15}.Release|Any CPU.ActiveCfg = Release|Any CPU
		{30011F1B-8EC7-4C00-BE6E-2DAA9CC15F15}.Release|Any CPU.Build.0 = Release|Any CPU
	EndGlobalSection
	GlobalSection(SolutionProperties) = preSolution
		HideSolutionNode = FALSE
	EndGlobalSection
	GlobalSection(ExtensibilityGlobals) = postSolution
		SolutionGuid = {C42B9C7A-82B7-4982-8383-C83E654223FA}
	EndGlobalSection
EndGlobal
